
Microsoft Visual Studio Solution File, Format Version 12.00
# Visual Studio Version 16
VisualStudioVersion = 16.0.30413.136
MinimumVisualStudioVersion = 10.0.40219.1
Project("{888888A0-9F3D-457C-B088-3A5042F75D52}") = "Selection 2", "Selection 2\Selection 2.pyproj", "{6AD6D55E-64BE-446C-BD77-21DFFD82824A}"
EndProject
Global
	GlobalSection(SolutionConfigurationPlatforms) = preSolution
		Debug|Any CPU = Debug|Any CPU
		Release|Any CPU = Release|Any CPU
	EndGlobalSection
	GlobalSection(ProjectConfigurationPlatforms) = postSolution
		{6AD6D55E-64BE-446C-BD77-21DFFD82824A}.Debug|Any CPU.ActiveCfg = Debug|Any CPU
		{6AD6D55E-64BE-446C-BD77-21DFFD82824A}.Release|Any CPU.ActiveCfg = Release|Any CPU
	EndGlobalSection
	GlobalSection(SolutionProperties) = preSolution
		HideSolutionNode = FALSE
	EndGlobalSection
	GlobalSection(ExtensibilityGlobals) = postSolution
		SolutionGuid = {8B8C7D8D-E6E4-4E42-AD31-3C4F0867B9A9}
	EndGlobalSection
EndGlobal
