
Microsoft Visual Studio Solution File, Format Version 12.00
# Visual Studio Version 16
VisualStudioVersion = 16.0.30413.136
MinimumVisualStudioVersion = 10.0.40219.1
Project("{888888A0-9F3D-457C-B088-3A5042F75D52}") = "Fibonacci", "Fibonacci\Fibonacci.pyproj", "{17A50B75-58D7-4BAF-B9F9-37E63AC35CF7}"
EndProject
Global
	GlobalSection(SolutionConfigurationPlatforms) = preSolution
		Debug|Any CPU = Debug|Any CPU
		Release|Any CPU = Release|Any CPU
	EndGlobalSection
	GlobalSection(ProjectConfigurationPlatforms) = postSolution
		{17A50B75-58D7-4BAF-B9F9-37E63AC35CF7}.Debug|Any CPU.ActiveCfg = Debug|Any CPU
		{17A50B75-58D7-4BAF-B9F9-37E63AC35CF7}.Release|Any CPU.ActiveCfg = Release|Any CPU
	EndGlobalSection
	GlobalSection(SolutionProperties) = preSolution
		HideSolutionNode = FALSE
	EndGlobalSection
	GlobalSection(ExtensibilityGlobals) = postSolution
		SolutionGuid = {C7FD06B3-744D-4BE8-A609-CBD6A61CC32B}
	EndGlobalSection
EndGlobal
