
Microsoft Visual Studio Solution File, Format Version 12.00
# Visual Studio Version 16
VisualStudioVersion = 16.0.30413.136
MinimumVisualStudioVersion = 10.0.40219.1
Project("{888888A0-9F3D-457C-B088-3A5042F75D52}") = "p223 no6.5", "p223 no6.5\p223 no6.5.pyproj", "{964423DA-0548-4986-B37F-E6118963DB54}"
EndProject
Global
	GlobalSection(SolutionConfigurationPlatforms) = preSolution
		Debug|Any CPU = Debug|Any CPU
		Release|Any CPU = Release|Any CPU
	EndGlobalSection
	GlobalSection(ProjectConfigurationPlatforms) = postSolution
		{964423DA-0548-4986-B37F-E6118963DB54}.Debug|Any CPU.ActiveCfg = Debug|Any CPU
		{964423DA-0548-4986-B37F-E6118963DB54}.Release|Any CPU.ActiveCfg = Release|Any CPU
	EndGlobalSection
	GlobalSection(SolutionProperties) = preSolution
		HideSolutionNode = FALSE
	EndGlobalSection
	GlobalSection(ExtensibilityGlobals) = postSolution
		SolutionGuid = {8FB15CB8-C864-4E2D-BF29-C46E067AE6F8}
	EndGlobalSection
EndGlobal
