
Microsoft Visual Studio Solution File, Format Version 12.00
# Visual Studio Version 16
VisualStudioVersion = 16.0.30413.136
MinimumVisualStudioVersion = 10.0.40219.1
Project("{888888A0-9F3D-457C-B088-3A5042F75D52}") = "p155 no4.3", "p155 no4.3\p155 no4.3.pyproj", "{E771CC1E-191E-4B4B-814F-A9C8A337FA54}"
EndProject
Global
	GlobalSection(SolutionConfigurationPlatforms) = preSolution
		Debug|Any CPU = Debug|Any CPU
		Release|Any CPU = Release|Any CPU
	EndGlobalSection
	GlobalSection(ProjectConfigurationPlatforms) = postSolution
		{E771CC1E-191E-4B4B-814F-A9C8A337FA54}.Debug|Any CPU.ActiveCfg = Debug|Any CPU
		{E771CC1E-191E-4B4B-814F-A9C8A337FA54}.Release|Any CPU.ActiveCfg = Release|Any CPU
	EndGlobalSection
	GlobalSection(SolutionProperties) = preSolution
		HideSolutionNode = FALSE
	EndGlobalSection
	GlobalSection(ExtensibilityGlobals) = postSolution
		SolutionGuid = {664991F6-24D9-4C0D-B446-7ACBFC933A49}
	EndGlobalSection
EndGlobal
