
Microsoft Visual Studio Solution File, Format Version 12.00
# Visual Studio Version 16
VisualStudioVersion = 16.0.30413.136
MinimumVisualStudioVersion = 10.0.40219.1
Project("{888888A0-9F3D-457C-B088-3A5042F75D52}") = "Selection 3", "Selection 3\Selection 3.pyproj", "{FAF5CF72-91EE-48E4-A705-03CCA0143952}"
EndProject
Global
	GlobalSection(SolutionConfigurationPlatforms) = preSolution
		Debug|Any CPU = Debug|Any CPU
		Release|Any CPU = Release|Any CPU
	EndGlobalSection
	GlobalSection(ProjectConfigurationPlatforms) = postSolution
		{FAF5CF72-91EE-48E4-A705-03CCA0143952}.Debug|Any CPU.ActiveCfg = Debug|Any CPU
		{FAF5CF72-91EE-48E4-A705-03CCA0143952}.Release|Any CPU.ActiveCfg = Release|Any CPU
	EndGlobalSection
	GlobalSection(SolutionProperties) = preSolution
		HideSolutionNode = FALSE
	EndGlobalSection
	GlobalSection(ExtensibilityGlobals) = postSolution
		SolutionGuid = {7E6BF18F-89B8-4D19-B90A-F2196E7A9E3E}
	EndGlobalSection
EndGlobal
